
Microsoft Visual Studio Solution File, Format Version 12.00
# Visual Studio Version 16
VisualStudioVersion = 16.0.29519.181
MinimumVisualStudioVersion = 10.0.40219.1
Project("{FAE04EC0-301F-11D3-BF4B-00C04F79EFBC}") = "RevitDevTool", "RevitDevTool\RevitDevTool.csproj", "{37DEE446-4EB1-4CCC-9E39-782B6C5D909B}"
EndProject
Global
	GlobalSection(SolutionConfigurationPlatforms) = preSolution
		Debug|Any CPU = Debug|Any CPU
		Release|Any CPU = Release|Any CPU
	EndGlobalSection
	GlobalSection(ProjectConfigurationPlatforms) = postSolution
		{37DEE446-4EB1-4CCC-9E39-782B6C5D909B}.Debug|Any CPU.ActiveCfg = Debug|Any CPU
		{37DEE446-4EB1-4CCC-9E39-782B6C5D909B}.Debug|Any CPU.Build.0 = Debug|Any CPU
		{37DEE446-4EB1-4CCC-9E39-782B6C5D909B}.Release|Any CPU.ActiveCfg = Release|Any CPU
		{37DEE446-4EB1-4CCC-9E39-782B6C5D909B}.Release|Any CPU.Build.0 = Release|Any CPU
	EndGlobalSection
	GlobalSection(SolutionProperties) = preSolution
		HideSolutionNode = FALSE
	EndGlobalSection
	GlobalSection(ExtensibilityGlobals) = postSolution
		SolutionGuid = {83663FB4-2AD5-43DE-85A2-2EA32417190F}
	EndGlobalSection
EndGlobal
